
Microsoft Visual Studio Solution File, Format Version 12.00
# Visual Studio Version 17
Project("{8BC9CEB8-8B4A-11D0-8D11-00A0C91BC942}") = "ALL_BUILD", "ALL_BUILD.vcxproj", "{5CA526C6-DFC7-3C9B-B149-5E9B99C9E2E8}"
	ProjectSection(ProjectDependencies) = postProject
		{34145261-95B5-3E52-A484-DCCB208DA77F} = {34145261-95B5-3E52-A484-DCCB208DA77F}
		{98BA685B-8016-3A51-B65E-E4256F416452} = {98BA685B-8016-3A51-B65E-E4256F416452}
	EndProjectSection
EndProject
Project("{8BC9CEB8-8B4A-11D0-8D11-00A0C91BC942}") = "INSTALL", "INSTALL.vcxproj", "{F3FF18FF-D195-3BFC-8359-6491AF663025}"
	ProjectSection(ProjectDependencies) = postProject
		{5CA526C6-DFC7-3C9B-B149-5E9B99C9E2E8} = {5CA526C6-DFC7-3C9B-B149-5E9B99C9E2E8}
		{34145261-95B5-3E52-A484-DCCB208DA77F} = {34145261-95B5-3E52-A484-DCCB208DA77F}
	EndProjectSection
EndProject
Project("{8BC9CEB8-8B4A-11D0-8D11-00A0C91BC942}") = "ZERO_CHECK", "ZERO_CHECK.vcxproj", "{34145261-95B5-3E52-A484-DCCB208DA77F}"
	ProjectSection(ProjectDependencies) = postProject
	EndProjectSection
EndProject
Project("{8BC9CEB8-8B4A-11D0-8D11-00A0C91BC942}") = "comm", "comm.vcxproj", "{98BA685B-8016-3A51-B65E-E4256F416452}"
	ProjectSection(ProjectDependencies) = postProject
		{34145261-95B5-3E52-A484-DCCB208DA77F} = {34145261-95B5-3E52-A484-DCCB208DA77F}
	EndProjectSection
EndProject
Global
	GlobalSection(SolutionConfigurationPlatforms) = preSolution
		Debug|x64 = Debug|x64
		Release|x64 = Release|x64
		MinSizeRel|x64 = MinSizeRel|x64
		RelWithDebInfo|x64 = RelWithDebInfo|x64
	EndGlobalSection
	GlobalSection(ProjectConfigurationPlatforms) = postSolution
		{5CA526C6-DFC7-3C9B-B149-5E9B99C9E2E8}.Debug|x64.ActiveCfg = Debug|x64
		{5CA526C6-DFC7-3C9B-B149-5E9B99C9E2E8}.Debug|x64.Build.0 = Debug|x64
		{5CA526C6-DFC7-3C9B-B149-5E9B99C9E2E8}.Release|x64.ActiveCfg = Release|x64
		{5CA526C6-DFC7-3C9B-B149-5E9B99C9E2E8}.Release|x64.Build.0 = Release|x64
		{5CA526C6-DFC7-3C9B-B149-5E9B99C9E2E8}.MinSizeRel|x64.ActiveCfg = MinSizeRel|x64
		{5CA526C6-DFC7-3C9B-B149-5E9B99C9E2E8}.MinSizeRel|x64.Build.0 = MinSizeRel|x64
		{5CA526C6-DFC7-3C9B-B149-5E9B99C9E2E8}.RelWithDebInfo|x64.ActiveCfg = RelWithDebInfo|x64
		{5CA526C6-DFC7-3C9B-B149-5E9B99C9E2E8}.RelWithDebInfo|x64.Build.0 = RelWithDebInfo|x64
		{F3FF18FF-D195-3BFC-8359-6491AF663025}.Debug|x64.ActiveCfg = Debug|x64
		{F3FF18FF-D195-3BFC-8359-6491AF663025}.Release|x64.ActiveCfg = Release|x64
		{F3FF18FF-D195-3BFC-8359-6491AF663025}.MinSizeRel|x64.ActiveCfg = MinSizeRel|x64
		{F3FF18FF-D195-3BFC-8359-6491AF663025}.RelWithDebInfo|x64.ActiveCfg = RelWithDebInfo|x64
		{34145261-95B5-3E52-A484-DCCB208DA77F}.Debug|x64.ActiveCfg = Debug|x64
		{34145261-95B5-3E52-A484-DCCB208DA77F}.Debug|x64.Build.0 = Debug|x64
		{34145261-95B5-3E52-A484-DCCB208DA77F}.Release|x64.ActiveCfg = Release|x64
		{34145261-95B5-3E52-A484-DCCB208DA77F}.Release|x64.Build.0 = Release|x64
		{34145261-95B5-3E52-A484-DCCB208DA77F}.MinSizeRel|x64.ActiveCfg = MinSizeRel|x64
		{34145261-95B5-3E52-A484-DCCB208DA77F}.MinSizeRel|x64.Build.0 = MinSizeRel|x64
		{34145261-95B5-3E52-A484-DCCB208DA77F}.RelWithDebInfo|x64.ActiveCfg = RelWithDebInfo|x64
		{34145261-95B5-3E52-A484-DCCB208DA77F}.RelWithDebInfo|x64.Build.0 = RelWithDebInfo|x64
		{98BA685B-8016-3A51-B65E-E4256F416452}.Debug|x64.ActiveCfg = Debug|x64
		{98BA685B-8016-3A51-B65E-E4256F416452}.Debug|x64.Build.0 = Debug|x64
		{98BA685B-8016-3A51-B65E-E4256F416452}.Release|x64.ActiveCfg = Release|x64
		{98BA685B-8016-3A51-B65E-E4256F416452}.Release|x64.Build.0 = Release|x64
		{98BA685B-8016-3A51-B65E-E4256F416452}.MinSizeRel|x64.ActiveCfg = MinSizeRel|x64
		{98BA685B-8016-3A51-B65E-E4256F416452}.MinSizeRel|x64.Build.0 = MinSizeRel|x64
		{98BA685B-8016-3A51-B65E-E4256F416452}.RelWithDebInfo|x64.ActiveCfg = RelWithDebInfo|x64
		{98BA685B-8016-3A51-B65E-E4256F416452}.RelWithDebInfo|x64.Build.0 = RelWithDebInfo|x64
	EndGlobalSection
	GlobalSection(ExtensibilityGlobals) = postSolution
		SolutionGuid = {F6F9524B-104F-3D90-A8CC-3306B4F4DE99}
	EndGlobalSection
	GlobalSection(ExtensibilityAddIns) = postSolution
	EndGlobalSection
EndGlobal
